
Microsoft Visual Studio Solution File, Format Version 12.00
# Visual Studio 15
VisualStudioVersion = 15.0.26730.15
MinimumVisualStudioVersion = 10.0.40219.1
Project("{FAE04EC0-301F-11D3-BF4B-00C04F79EFBC}") = "ConsoleApp5", "ConsoleApp5\ConsoleApp5.csproj", "{A24614CC-FF2B-4E72-878B-72D2F81EEFBA}"
EndProject
Global
	GlobalSection(SolutionConfigurationPlatforms) = preSolution
		Debug|Any CPU = Debug|Any CPU
		Release|Any CPU = Release|Any CPU
	EndGlobalSection
	GlobalSection(ProjectConfigurationPlatforms) = postSolution
		{A24614CC-FF2B-4E72-878B-72D2F81EEFBA}.Debug|Any CPU.ActiveCfg = Debug|Any CPU
		{A24614CC-FF2B-4E72-878B-72D2F81EEFBA}.Debug|Any CPU.Build.0 = Debug|Any CPU
		{A24614CC-FF2B-4E72-878B-72D2F81EEFBA}.Release|Any CPU.ActiveCfg = Release|Any CPU
		{A24614CC-FF2B-4E72-878B-72D2F81EEFBA}.Release|Any CPU.Build.0 = Release|Any CPU
	EndGlobalSection
	GlobalSection(SolutionProperties) = preSolution
		HideSolutionNode = FALSE
	EndGlobalSection
	GlobalSection(ExtensibilityGlobals) = postSolution
		SolutionGuid = {05580F1A-BA26-40B0-A4AA-41489F8DA73A}
	EndGlobalSection
EndGlobal
